
Microsoft Visual Studio Solution File, Format Version 12.00
# Visual Studio Version 17
VisualStudioVersion = 17.3.32922.545
MinimumVisualStudioVersion = 10.0.40219.1
Project("{FAE04EC0-301F-11D3-BF4B-00C04F79EFBC}") = "EmployeeMicroservice", "EmployeeMicroservice\EmployeeMicroservice.csproj", "{32F9175F-B573-4509-BE50-435299EEFCF8}"
EndProject
Global
	GlobalSection(SolutionConfigurationPlatforms) = preSolution
		Debug|Any CPU = Debug|Any CPU
		Release|Any CPU = Release|Any CPU
	EndGlobalSection
	GlobalSection(ProjectConfigurationPlatforms) = postSolution
		{32F9175F-B573-4509-BE50-435299EEFCF8}.Debug|Any CPU.ActiveCfg = Debug|Any CPU
		{32F9175F-B573-4509-BE50-435299EEFCF8}.Debug|Any CPU.Build.0 = Debug|Any CPU
		{32F9175F-B573-4509-BE50-435299EEFCF8}.Release|Any CPU.ActiveCfg = Release|Any CPU
		{32F9175F-B573-4509-BE50-435299EEFCF8}.Release|Any CPU.Build.0 = Release|Any CPU
	EndGlobalSection
	GlobalSection(SolutionProperties) = preSolution
		HideSolutionNode = FALSE
	EndGlobalSection
	GlobalSection(ExtensibilityGlobals) = postSolution
		SolutionGuid = {061D4A75-09B1-452D-8010-4B46AFAC6DA6}
	EndGlobalSection
EndGlobal
