
Microsoft Visual Studio Solution File, Format Version 12.00
# Visual Studio Version 17
VisualStudioVersion = 17.3.32922.545
MinimumVisualStudioVersion = 10.0.40219.1
Project("{FAE04EC0-301F-11D3-BF4B-00C04F79EFBC}") = "OrderMicroservice", "OrderMicroservice\OrderMicroservice.csproj", "{3D71514E-6985-46A7-96A4-A2A39E1ECECC}"
EndProject
Global
	GlobalSection(SolutionConfigurationPlatforms) = preSolution
		Debug|Any CPU = Debug|Any CPU
		Release|Any CPU = Release|Any CPU
	EndGlobalSection
	GlobalSection(ProjectConfigurationPlatforms) = postSolution
		{3D71514E-6985-46A7-96A4-A2A39E1ECECC}.Debug|Any CPU.ActiveCfg = Debug|Any CPU
		{3D71514E-6985-46A7-96A4-A2A39E1ECECC}.Debug|Any CPU.Build.0 = Debug|Any CPU
		{3D71514E-6985-46A7-96A4-A2A39E1ECECC}.Release|Any CPU.ActiveCfg = Release|Any CPU
		{3D71514E-6985-46A7-96A4-A2A39E1ECECC}.Release|Any CPU.Build.0 = Release|Any CPU
	EndGlobalSection
	GlobalSection(SolutionProperties) = preSolution
		HideSolutionNode = FALSE
	EndGlobalSection
	GlobalSection(ExtensibilityGlobals) = postSolution
		SolutionGuid = {BC7701AA-FD0E-4525-B1F8-3662EBF92EF2}
	EndGlobalSection
EndGlobal
